
Microsoft Visual Studio Solution File, Format Version 12.00
Project("{FAE04EC0-301F-11D3-BF4B-00C04F79EFBC}") = "LumiKit", "LumiKit\LumiKit.csproj", "{DE49F39B-F872-44F4-A34F-4985B9CEABE9}"
EndProject
Global
	GlobalSection(SolutionConfigurationPlatforms) = preSolution
		Debug|Any CPU = Debug|Any CPU
		Release|Any CPU = Release|Any CPU
	EndGlobalSection
	GlobalSection(ProjectConfigurationPlatforms) = postSolution
		{DE49F39B-F872-44F4-A34F-4985B9CEABE9}.Debug|Any CPU.ActiveCfg = Debug|Any CPU
		{DE49F39B-F872-44F4-A34F-4985B9CEABE9}.Debug|Any CPU.Build.0 = Debug|Any CPU
		{DE49F39B-F872-44F4-A34F-4985B9CEABE9}.Release|Any CPU.ActiveCfg = Release|Any CPU
		{DE49F39B-F872-44F4-A34F-4985B9CEABE9}.Release|Any CPU.Build.0 = Release|Any CPU
	EndGlobalSection
EndGlobal
